// !$*UTF8*$!
{
	archiveVersion = 1;
	classes = {
	};
	objectVersion = 50;
	objects = {

/* Begin PBXBuildFile section */
		096B341C286B28BD00A1DBCC /* AppDelegate.m in Sources */ = {isa = PBXBuildFile; fileRef = 096B341B286B28BD00A1DBCC /* AppDelegate.m */; };
		096B341E286B28BF00A1DBCC /* Assets.xcassets in Resources */ = {isa = PBXBuildFile; fileRef = 096B341D286B28BF00A1DBCC /* Assets.xcassets */; };
		096B3421286B28BF00A1DBCC /* MainMenu.xib in Resources */ = {isa = PBXBuildFile; fileRef = 096B341F286B28BF00A1DBCC /* MainMenu.xib */; };
		096B3424286B28BF00A1DBCC /* main.m in Sources */ = {isa = PBXBuildFile; fileRef = 096B3423286B28BF00A1DBCC /* main.m */; };
		09EB503D287246E60030EF43 /* UserImage.m in Sources */ = {isa = PBXBuildFile; fileRef = 09EB503C287246E60030EF43 /* UserImage.m */; };
		09EB504228724FF00030EF43 /* libpam.2.dylib in Frameworks */ = {isa = PBXBuildFile; fileRef = 09EB504128724FF00030EF43 /* libpam.2.dylib */; };
		09EB504328724FF00030EF43 /* libpam.2.dylib in Embed Libraries */ = {isa = PBXBuildFile; fileRef = 09EB504128724FF00030EF43 /* libpam.2.dylib */; settings = {ATTRIBUTES = (CodeSignOnCopy, ); }; };
/* End PBXBuildFile section */

/* Begin PBXCopyFilesBuildPhase section */
		09EB504428724FF00030EF43 /* Embed Libraries */ = {
			isa = PBXCopyFilesBuildPhase;
			buildActionMask = 2147483647;
			dstPath = "";
			dstSubfolderSpec = 10;
			files = (
				09EB504328724FF00030EF43 /* libpam.2.dylib in Embed Libraries */,
			);
			name = "Embed Libraries";
			runOnlyForDeploymentPostprocessing = 0;
		};
/* End PBXCopyFilesBuildPhase section */

/* Begin PBXFileReference section */
		096B3417286B28BD00A1DBCC /* loginwindow.app */ = {isa = PBXFileReference; explicitFileType = wrapper.application; includeInIndex = 0; path = loginwindow.app; sourceTree = BUILT_PRODUCTS_DIR; };
		096B341A286B28BD00A1DBCC /* AppDelegate.h */ = {isa = PBXFileReference; lastKnownFileType = sourcecode.c.h; path = AppDelegate.h; sourceTree = "<group>"; };
		096B341B286B28BD00A1DBCC /* AppDelegate.m */ = {isa = PBXFileReference; lastKnownFileType = sourcecode.c.objc; path = AppDelegate.m; sourceTree = "<group>"; };
		096B341D286B28BF00A1DBCC /* Assets.xcassets */ = {isa = PBXFileReference; lastKnownFileType = folder.assetcatalog; path = Assets.xcassets; sourceTree = "<group>"; };
		096B3420286B28BF00A1DBCC /* Base */ = {isa = PBXFileReference; lastKnownFileType = file.xib; name = Base; path = Base.lproj/MainMenu.xib; sourceTree = "<group>"; };
		096B3422286B28BF00A1DBCC /* Info.plist */ = {isa = PBXFileReference; lastKnownFileType = text.plist.xml; path = Info.plist; sourceTree = "<group>"; };
		096B3423286B28BF00A1DBCC /* main.m */ = {isa = PBXFileReference; lastKnownFileType = sourcecode.c.objc; path = main.m; sourceTree = "<group>"; };
		096B3425286B28BF00A1DBCC /* loginwindow.entitlements */ = {isa = PBXFileReference; lastKnownFileType = text.plist.entitlements; path = loginwindow.entitlements; sourceTree = "<group>"; };
		09EB503C287246E60030EF43 /* UserImage.m */ = {isa = PBXFileReference; lastKnownFileType = sourcecode.c.objc; path = UserImage.m; sourceTree = "<group>"; };
		09EB503E287247C80030EF43 /* UserImage.h */ = {isa = PBXFileReference; lastKnownFileType = sourcecode.c.h; path = UserImage.h; sourceTree = "<group>"; };
		09EB504128724FF00030EF43 /* libpam.2.dylib */ = {isa = PBXFileReference; lastKnownFileType = "compiled.mach-o.dylib"; name = libpam.2.dylib; path = ../../../../usr/lib/libpam.2.dylib; sourceTree = "<group>"; };
/* End PBXFileReference section */

/* Begin PBXFrameworksBuildPhase section */
		096B3414286B28BD00A1DBCC /* Frameworks */ = {
			isa = PBXFrameworksBuildPhase;
			buildActionMask = 2147483647;
			files = (
				09EB504228724FF00030EF43 /* libpam.2.dylib in Frameworks */,
			);
			runOnlyForDeploymentPostprocessing = 0;
		};
/* End PBXFrameworksBuildPhase section */

/* Begin PBXGroup section */
		096B340E286B28BD00A1DBCC = {
			isa = PBXGroup;
			children = (
				096B3419286B28BD00A1DBCC /* loginwindow */,
				096B3418286B28BD00A1DBCC /* Products */,
				09EB503F28724FB00030EF43 /* Frameworks */,
			);
			sourceTree = "<group>";
		};
		096B3418286B28BD00A1DBCC /* Products */ = {
			isa = PBXGroup;
			children = (
				096B3417286B28BD00A1DBCC /* loginwindow.app */,
			);
			name = Products;
			sourceTree = "<group>";
		};
		096B3419286B28BD00A1DBCC /* loginwindow */ = {
			isa = PBXGroup;
			children = (
				096B341A286B28BD00A1DBCC /* AppDelegate.h */,
				096B341B286B28BD00A1DBCC /* AppDelegate.m */,
				096B341D286B28BF00A1DBCC /* Assets.xcassets */,
				096B341F286B28BF00A1DBCC /* MainMenu.xib */,
				096B3422286B28BF00A1DBCC /* Info.plist */,
				096B3423286B28BF00A1DBCC /* main.m */,
				096B3425286B28BF00A1DBCC /* loginwindow.entitlements */,
				09EB503C287246E60030EF43 /* UserImage.m */,
				09EB503E287247C80030EF43 /* UserImage.h */,
			);
			path = loginwindow;
			sourceTree = "<group>";
		};
		09EB503F28724FB00030EF43 /* Frameworks */ = {
			isa = PBXGroup;
			children = (
				09EB504128724FF00030EF43 /* libpam.2.dylib */,
			);
			name = Frameworks;
			sourceTree = "<group>";
		};
/* End PBXGroup section */

/* Begin PBXNativeTarget section */
		096B3416286B28BD00A1DBCC /* loginwindow */ = {
			isa = PBXNativeTarget;
			buildConfigurationList = 096B3428286B28BF00A1DBCC /* Build configuration list for PBXNativeTarget "loginwindow" */;
			buildPhases = (
				096B3413286B28BD00A1DBCC /* Sources */,
				096B3414286B28BD00A1DBCC /* Frameworks */,
				096B3415286B28BD00A1DBCC /* Resources */,
				09EB504428724FF00030EF43 /* Embed Libraries */,
			);
			buildRules = (
			);
			dependencies = (
			);
			name = loginwindow;
			productName = loginwindow;
			productReference = 096B3417286B28BD00A1DBCC /* loginwindow.app */;
			productType = "com.apple.product-type.application";
		};
/* End PBXNativeTarget section */

/* Begin PBXProject section */
		096B340F286B28BD00A1DBCC /* Project object */ = {
			isa = PBXProject;
			attributes = {
				LastUpgradeCheck = 1130;
				ORGANIZATIONNAME = "Nickolas Pylarinos";
				TargetAttributes = {
					096B3416286B28BD00A1DBCC = {
						CreatedOnToolsVersion = 11.3.1;
					};
				};
			};
			buildConfigurationList = 096B3412286B28BD00A1DBCC /* Build configuration list for PBXProject "loginwindow" */;
			compatibilityVersion = "Xcode 9.3";
			developmentRegion = en;
			hasScannedForEncodings = 0;
			knownRegions = (
				en,
				Base,
			);
			mainGroup = 096B340E286B28BD00A1DBCC;
			productRefGroup = 096B3418286B28BD00A1DBCC /* Products */;
			projectDirPath = "";
			projectRoot = "";
			targets = (
				096B3416286B28BD00A1DBCC /* loginwindow */,
			);
		};
/* End PBXProject section */

/* Begin PBXResourcesBuildPhase section */
		096B3415286B28BD00A1DBCC /* Resources */ = {
			isa = PBXResourcesBuildPhase;
			buildActionMask = 2147483647;
			files = (
				096B341E286B28BF00A1DBCC /* Assets.xcassets in Resources */,
				096B3421286B28BF00A1DBCC /* MainMenu.xib in Resources */,
			);
			runOnlyForDeploymentPostprocessing = 0;
		};
/* End PBXResourcesBuildPhase section */

/* Begin PBXSourcesBuildPhase section */
		096B3413286B28BD00A1DBCC /* Sources */ = {
			isa = PBXSourcesBuildPhase;
			buildActionMask = 2147483647;
			files = (
				096B3424286B28BF00A1DBCC /* main.m in Sources */,
				096B341C286B28BD00A1DBCC /* AppDelegate.m in Sources */,
				09EB503D287246E60030EF43 /* UserImage.m in Sources */,
			);
			runOnlyForDeploymentPostprocessing = 0;
		};
/* End PBXSourcesBuildPhase section */

/* Begin PBXVariantGroup section */
		096B341F286B28BF00A1DBCC /* MainMenu.xib */ = {
			isa = PBXVariantGroup;
			children = (
				096B3420286B28BF00A1DBCC /* Base */,
			);
			name = MainMenu.xib;
			sourceTree = "<group>";
		};
/* End PBXVariantGroup section */

/* Begin XCBuildConfiguration section */
		096B3426286B28BF00A1DBCC /* Debug */ = {
			isa = XCBuildConfiguration;
			buildSettings = {
				ALWAYS_SEARCH_USER_PATHS = NO;
				CLANG_ANALYZER_NONNULL = YES;
				CLANG_ANALYZER_NUMBER_OBJECT_CONVERSION = YES_AGGRESSIVE;
				CLANG_CXX_LANGUAGE_STANDARD = "gnu++14";
				CLANG_CXX_LIBRARY = "libc++";
				CLANG_ENABLE_MODULES = YES;
				CLANG_ENABLE_OBJC_ARC = YES;
				CLANG_ENABLE_OBJC_WEAK = YES;
				CLANG_WARN_BLOCK_CAPTURE_AUTORELEASING = YES;
				CLANG_WARN_BOOL_CONVERSION = YES;
				CLANG_WARN_COMMA = YES;
				CLANG_WARN_CONSTANT_CONVERSION = YES;
				CLANG_WARN_DEPRECATED_OBJC_IMPLEMENTATIONS = YES;
				CLANG_WARN_DIRECT_OBJC_ISA_USAGE = YES_ERROR;
				CLANG_WARN_DOCUMENTATION_COMMENTS = YES;
				CLANG_WARN_EMPTY_BODY = YES;
				CLANG_WARN_ENUM_CONVERSION = YES;
				CLANG_WARN_INFINITE_RECURSION = YES;
				CLANG_WARN_INT_CONVERSION = YES;
				CLANG_WARN_NON_LITERAL_NULL_CONVERSION = YES;
				CLANG_WARN_OBJC_IMPLICIT_RETAIN_SELF = YES;
				CLANG_WARN_OBJC_LITERAL_CONVERSION = YES;
				CLANG_WARN_OBJC_ROOT_CLASS = YES_ERROR;
				CLANG_WARN_RANGE_LOOP_ANALYSIS = YES;
				CLANG_WARN_STRICT_PROTOTYPES = YES;
				CLANG_WARN_SUSPICIOUS_MOVE = YES;
				CLANG_WARN_UNGUARDED_AVAILABILITY = YES_AGGRESSIVE;
				CLANG_WARN_UNREACHABLE_CODE = YES;
				CLANG_WARN__DUPLICATE_METHOD_MATCH = YES;
				COPY_PHASE_STRIP = NO;
				DEBUG_INFORMATION_FORMAT = dwarf;
				ENABLE_STRICT_OBJC_MSGSEND = YES;
				ENABLE_TESTABILITY = YES;
				GCC_C_LANGUAGE_STANDARD = gnu11;
				GCC_DYNAMIC_NO_PIC = NO;
				GCC_NO_COMMON_BLOCKS = YES;
				GCC_OPTIMIZATION_LEVEL = 0;
				GCC_PREPROCESSOR_DEFINITIONS = (
					"DEBUG=1",
					"$(inherited)",
				);
				GCC_WARN_64_TO_32_BIT_CONVERSION = YES;
				GCC_WARN_ABOUT_RETURN_TYPE = YES_ERROR;
				GCC_WARN_UNDECLARED_SELECTOR = YES;
				GCC_WARN_UNINITIALIZED_AUTOS = YES_AGGRESSIVE;
				GCC_WARN_UNUSED_FUNCTION = YES;
				GCC_WARN_UNUSED_VARIABLE = YES;
				MACOSX_DEPLOYMENT_TARGET = 10.14;
				MTL_ENABLE_DEBUG_INFO = INCLUDE_SOURCE;
				MTL_FAST_MATH = YES;
				ONLY_ACTIVE_ARCH = YES;
				SDKROOT = macosx;
			};
			name = Debug;
		};
		096B3427286B28BF00A1DBCC /* Release */ = {
			isa = XCBuildConfiguration;
			buildSettings = {
				ALWAYS_SEARCH_USER_PATHS = NO;
				CLANG_ANALYZER_NONNULL = YES;
				CLANG_ANALYZER_NUMBER_OBJECT_CONVERSION = YES_AGGRESSIVE;
				CLANG_CXX_LANGUAGE_STANDARD = "gnu++14";
				CLANG_CXX_LIBRARY = "libc++";
				CLANG_ENABLE_MODULES = YES;
				CLANG_ENABLE_OBJC_ARC = YES;
				CLANG_ENABLE_OBJC_WEAK = YES;
				CLANG_WARN_BLOCK_CAPTURE_AUTORELEASING = YES;
				CLANG_WARN_BOOL_CONVERSION = YES;
				CLANG_WARN_COMMA = YES;
				CLANG_WARN_CONSTANT_CONVERSION = YES;
				CLANG_WARN_DEPRECATED_OBJC_IMPLEMENTATIONS = YES;
				CLANG_WARN_DIRECT_OBJC_ISA_USAGE = YES_ERROR;
				CLANG_WARN_DOCUMENTATION_COMMENTS = YES;
				CLANG_WARN_EMPTY_BODY = YES;
				CLANG_WARN_ENUM_CONVERSION = YES;
				CLANG_WARN_INFINITE_RECURSION = YES;
				CLANG_WARN_INT_CONVERSION = YES;
				CLANG_WARN_NON_LITERAL_NULL_CONVERSION = YES;
				CLANG_WARN_OBJC_IMPLICIT_RETAIN_SELF = YES;
				CLANG_WARN_OBJC_LITERAL_CONVERSION = YES;
				CLANG_WARN_OBJC_ROOT_CLASS = YES_ERROR;
				CLANG_WARN_RANGE_LOOP_ANALYSIS = YES;
				CLANG_WARN_STRICT_PROTOTYPES = YES;
				CLANG_WARN_SUSPICIOUS_MOVE = YES;
				CLANG_WARN_UNGUARDED_AVAILABILITY = YES_AGGRESSIVE;
				CLANG_WARN_UNREACHABLE_CODE = YES;
				CLANG_WARN__DUPLICATE_METHOD_MATCH = YES;
				COPY_PHASE_STRIP = NO;
				DEBUG_INFORMATION_FORMAT = "dwarf-with-dsym";
				ENABLE_NS_ASSERTIONS = NO;
				ENABLE_STRICT_OBJC_MSGSEND = YES;
				GCC_C_LANGUAGE_STANDARD = gnu11;
				GCC_NO_COMMON_BLOCKS = YES;
				GCC_WARN_64_TO_32_BIT_CONVERSION = YES;
				GCC_WARN_ABOUT_RETURN_TYPE = YES_ERROR;
				GCC_WARN_UNDECLARED_SELECTOR = YES;
				GCC_WARN_UNINITIALIZED_AUTOS = YES_AGGRESSIVE;
				GCC_WARN_UNUSED_FUNCTION = YES;
				GCC_WARN_UNUSED_VARIABLE = YES;
				MACOSX_DEPLOYMENT_TARGET = 10.14;
				MTL_ENABLE_DEBUG_INFO = NO;
				MTL_FAST_MATH = YES;
				SDKROOT = macosx;
			};
			name = Release;
		};
		096B3429286B28BF00A1DBCC /* Debug */ = {
			isa = XCBuildConfiguration;
			buildSettings = {
				ASSETCATALOG_COMPILER_APPICON_NAME = AppIcon;
				CODE_SIGN_ENTITLEMENTS = loginwindow/loginwindow.entitlements;
				CODE_SIGN_STYLE = Automatic;
				COMBINE_HIDPI_IMAGES = YES;
				INFOPLIST_FILE = loginwindow/Info.plist;
				LD_RUNPATH_SEARCH_PATHS = (
					"$(inherited)",
					"@executable_path/../Frameworks",
				);
				OTHER_LIBTOOLFLAGS = "";
				PRODUCT_BUNDLE_IDENTIFIER = org.npyl.loginwindow;
				PRODUCT_NAME = "$(TARGET_NAME)";
			};
			name = Debug;
		};
		096B342A286B28BF00A1DBCC /* Release */ = {
			isa = XCBuildConfiguration;
			buildSettings = {
				ASSETCATALOG_COMPILER_APPICON_NAME = AppIcon;
				CODE_SIGN_ENTITLEMENTS = loginwindow/loginwindow.entitlements;
				CODE_SIGN_STYLE = Automatic;
				COMBINE_HIDPI_IMAGES = YES;
				INFOPLIST_FILE = loginwindow/Info.plist;
				LD_RUNPATH_SEARCH_PATHS = (
					"$(inherited)",
					"@executable_path/../Frameworks",
				);
				PRODUCT_BUNDLE_IDENTIFIER = org.npyl.loginwindow;
				PRODUCT_NAME = "$(TARGET_NAME)";
			};
			name = Release;
		};
/* End XCBuildConfiguration section */

/* Begin XCConfigurationList section */
		096B3412286B28BD00A1DBCC /* Build configuration list for PBXProject "loginwindow" */ = {
			isa = XCConfigurationList;
			buildConfigurations = (
				096B3426286B28BF00A1DBCC /* Debug */,
				096B3427286B28BF00A1DBCC /* Release */,
			);
			defaultConfigurationIsVisible = 0;
			defaultConfigurationName = Release;
		};
		096B3428286B28BF00A1DBCC /* Build configuration list for PBXNativeTarget "loginwindow" */ = {
			isa = XCConfigurationList;
			buildConfigurations = (
				096B3429286B28BF00A1DBCC /* Debug */,
				096B342A286B28BF00A1DBCC /* Release */,
			);
			defaultConfigurationIsVisible = 0;
			defaultConfigurationName = Release;
		};
/* End XCConfigurationList section */
	};
	rootObject = 096B340F286B28BD00A1DBCC /* Project object */;
}
